github.com/pkg/errors v0.9.1 h1:FEBLx1zS214owpjy7qsBeixbURkuhQAwrK5UwLGTwt4=
github.com/pkg/errors v0.9.1/go.mod h1:bwawxfHBFNV+L2hUp1rHADufV3IMtnDRdf1r5NINEl0=
github.com/wonderivan/logger v1.0.0 h1:Z6Nz+3SNcizolx3ARH11axdD4DXjFpb2J+ziGUVlv/U=
github.com/wonderivan/logger v1.0.0/go.mod h1:NObMfQ3WOLKfYEZuGeZQfuQfSPE5+QNgRddVMzsAT/k=
